
Microsoft Visual Studio Solution File, Format Version 12.00
# Visual Studio Version 17
VisualStudioVersion = 17.1.32414.318
MinimumVisualStudioVersion = 10.0.40219.1
Project("{FAE04EC0-301F-11D3-BF4B-00C04F79EFBC}") = "StudentManagment", "StudentManagment.csproj", "{62DE1A12-6CCD-4936-A131-6E09A9E166E2}"
EndProject
Global
	GlobalSection(SolutionConfigurationPlatforms) = preSolution
		Debug|Any CPU = Debug|Any CPU
		Release|Any CPU = Release|Any CPU
	EndGlobalSection
	GlobalSection(ProjectConfigurationPlatforms) = postSolution
		{62DE1A12-6CCD-4936-A131-6E09A9E166E2}.Debug|Any CPU.ActiveCfg = Debug|Any CPU
		{62DE1A12-6CCD-4936-A131-6E09A9E166E2}.Debug|Any CPU.Build.0 = Debug|Any CPU
		{62DE1A12-6CCD-4936-A131-6E09A9E166E2}.Release|Any CPU.ActiveCfg = Release|Any CPU
		{62DE1A12-6CCD-4936-A131-6E09A9E166E2}.Release|Any CPU.Build.0 = Release|Any CPU
	EndGlobalSection
	GlobalSection(SolutionProperties) = preSolution
		HideSolutionNode = FALSE
	EndGlobalSection
	GlobalSection(ExtensibilityGlobals) = postSolution
		SolutionGuid = {21E9363D-EBF2-4C84-9EE1-F01CEB5AD14E}
	EndGlobalSection
EndGlobal
